
Microsoft Visual Studio Solution File, Format Version 12.00
# Visual Studio Version 17
VisualStudioVersion = 17.13.35931.197 d17.13
MinimumVisualStudioVersion = 10.0.40219.1
Project("{FAE04EC0-301F-11D3-BF4B-00C04F79EFBC}") = "TwitchBot", "TwitchBot\TwitchBot.csproj", "{5509E7EE-6822-456B-A5FE-ACA9C9316AF7}"
EndProject
Global
	GlobalSection(SolutionConfigurationPlatforms) = preSolution
		Debug|Any CPU = Debug|Any CPU
		Release|Any CPU = Release|Any CPU
	EndGlobalSection
	GlobalSection(ProjectConfigurationPlatforms) = postSolution
		{5509E7EE-6822-456B-A5FE-ACA9C9316AF7}.Debug|Any CPU.ActiveCfg = Debug|Any CPU
		{5509E7EE-6822-456B-A5FE-ACA9C9316AF7}.Debug|Any CPU.Build.0 = Debug|Any CPU
		{5509E7EE-6822-456B-A5FE-ACA9C9316AF7}.Release|Any CPU.ActiveCfg = Release|Any CPU
		{5509E7EE-6822-456B-A5FE-ACA9C9316AF7}.Release|Any CPU.Build.0 = Release|Any CPU
	EndGlobalSection
	GlobalSection(SolutionProperties) = preSolution
		HideSolutionNode = FALSE
	EndGlobalSection
	GlobalSection(ExtensibilityGlobals) = postSolution
		SolutionGuid = {25DAF02B-403F-47B6-B306-B07F495F9211}
	EndGlobalSection
EndGlobal
